
Microsoft Visual Studio Solution File, Format Version 12.00
# Visual Studio Version 17
VisualStudioVersion = 17.0.31903.59
MinimumVisualStudioVersion = 10.0.40219.1
Project("{9A19103F-16F7-4668-BE54-9A1E7A4F7556}") = "Identity", "src\Identity\Identity.csproj", "{6B21F32B-266E-4D2F-9586-641D96452C95}"
EndProject
Project("{9A19103F-16F7-4668-BE54-9A1E7A4F7556}") = "VocaBuddy.UI", "src\VocaBuddy.UI\VocaBuddy.UI.csproj", "{683538BA-F511-4230-9E54-361DADE2CF0B}"
EndProject
Project("{9A19103F-16F7-4668-BE54-9A1E7A4F7556}") = "VocaBuddy.Shared", "src\VocaBuddy.Shared\VocaBuddy.Shared.csproj", "{EE24278A-2021-448C-8F0D-897316FCDA42}"
EndProject
Project("{9A19103F-16F7-4668-BE54-9A1E7A4F7556}") = "Identity.Tests", "tests\Identity.Tests\Identity.Tests.csproj", "{09864AA1-0ACA-4D14-844C-19B01C02BA74}"
EndProject
Project("{2150E333-8FDC-42A3-9474-1A3956D46DE8}") = "Tests", "Tests", "{FB7BB082-2D97-41F6-9F39-3E73D01D363D}"
EndProject
Project("{9A19103F-16F7-4668-BE54-9A1E7A4F7556}") = "VocaBuddy.Api", "src\VocaBuddy.BE\VocaBuddy.Api\VocaBuddy.Api.csproj", "{53BAE713-9E68-472F-ABB7-3F822D4A8AF1}"
EndProject
Project("{9A19103F-16F7-4668-BE54-9A1E7A4F7556}") = "VocaBuddy.Application", "src\VocaBuddy.BE\VocaBuddy.Application\VocaBuddy.Application.csproj", "{41BC1EF3-B931-4705-89D0-E63380EFC53F}"
EndProject
Project("{9A19103F-16F7-4668-BE54-9A1E7A4F7556}") = "VocaBuddy.Domain", "src\VocaBuddy.BE\VocaBuddy.Domain\VocaBuddy.Domain.csproj", "{EC42AF1F-5748-4CD9-9544-2874E9E9C7C5}"
EndProject
Project("{9A19103F-16F7-4668-BE54-9A1E7A4F7556}") = "VocaBuddy.Infrastructure", "src\VocaBuddy.BE\VocaBuddy.Infrastructure\VocaBuddy.Infrastructure.csproj", "{DA5C04B1-E7F2-4B1B-9F9A-BD1F221FB678}"
EndProject
Project("{9A19103F-16F7-4668-BE54-9A1E7A4F7556}") = "UI.Tests", "tests\UI.Tests\UI.Tests.csproj", "{DF6A569D-2EFD-4D47-9CF2-581ED21AB706}"
EndProject
Project("{9A19103F-16F7-4668-BE54-9A1E7A4F7556}") = "Api.Tests", "tests\Api.Tests\Api.Tests.csproj", "{6146F1CF-CF22-4FBD-BC3A-66FFF8490C9E}"
EndProject
Project("{FAE04EC0-301F-11D3-BF4B-00C04F79EFBC}") = "Infrastructure.Tests", "Infrastructure.Tests\Infrastructure.Tests.csproj", "{A1997960-3D45-49F8-8D5D-1C02FC010172}"
EndProject
Global
	GlobalSection(SolutionConfigurationPlatforms) = preSolution
		Debug|Any CPU = Debug|Any CPU
		Release|Any CPU = Release|Any CPU
	EndGlobalSection
	GlobalSection(ProjectConfigurationPlatforms) = postSolution
		{6B21F32B-266E-4D2F-9586-641D96452C95}.Debug|Any CPU.ActiveCfg = Debug|Any CPU
		{6B21F32B-266E-4D2F-9586-641D96452C95}.Debug|Any CPU.Build.0 = Debug|Any CPU
		{6B21F32B-266E-4D2F-9586-641D96452C95}.Release|Any CPU.ActiveCfg = Release|Any CPU
		{6B21F32B-266E-4D2F-9586-641D96452C95}.Release|Any CPU.Build.0 = Release|Any CPU
		{683538BA-F511-4230-9E54-361DADE2CF0B}.Debug|Any CPU.ActiveCfg = Debug|Any CPU
		{683538BA-F511-4230-9E54-361DADE2CF0B}.Debug|Any CPU.Build.0 = Debug|Any CPU
		{683538BA-F511-4230-9E54-361DADE2CF0B}.Release|Any CPU.ActiveCfg = Release|Any CPU
		{683538BA-F511-4230-9E54-361DADE2CF0B}.Release|Any CPU.Build.0 = Release|Any CPU
		{EE24278A-2021-448C-8F0D-897316FCDA42}.Debug|Any CPU.ActiveCfg = Debug|Any CPU
		{EE24278A-2021-448C-8F0D-897316FCDA42}.Debug|Any CPU.Build.0 = Debug|Any CPU
		{EE24278A-2021-448C-8F0D-897316FCDA42}.Release|Any CPU.ActiveCfg = Release|Any CPU
		{EE24278A-2021-448C-8F0D-897316FCDA42}.Release|Any CPU.Build.0 = Release|Any CPU
		{09864AA1-0ACA-4D14-844C-19B01C02BA74}.Debug|Any CPU.ActiveCfg = Debug|Any CPU
		{09864AA1-0ACA-4D14-844C-19B01C02BA74}.Debug|Any CPU.Build.0 = Debug|Any CPU
		{09864AA1-0ACA-4D14-844C-19B01C02BA74}.Release|Any CPU.ActiveCfg = Release|Any CPU
		{09864AA1-0ACA-4D14-844C-19B01C02BA74}.Release|Any CPU.Build.0 = Release|Any CPU
		{53BAE713-9E68-472F-ABB7-3F822D4A8AF1}.Debug|Any CPU.ActiveCfg = Debug|Any CPU
		{53BAE713-9E68-472F-ABB7-3F822D4A8AF1}.Debug|Any CPU.Build.0 = Debug|Any CPU
		{53BAE713-9E68-472F-ABB7-3F822D4A8AF1}.Release|Any CPU.ActiveCfg = Release|Any CPU
		{53BAE713-9E68-472F-ABB7-3F822D4A8AF1}.Release|Any CPU.Build.0 = Release|Any CPU
		{41BC1EF3-B931-4705-89D0-E63380EFC53F}.Debug|Any CPU.ActiveCfg = Debug|Any CPU
		{41BC1EF3-B931-4705-89D0-E63380EFC53F}.Debug|Any CPU.Build.0 = Debug|Any CPU
		{41BC1EF3-B931-4705-89D0-E63380EFC53F}.Release|Any CPU.ActiveCfg = Release|Any CPU
		{41BC1EF3-B931-4705-89D0-E63380EFC53F}.Release|Any CPU.Build.0 = Release|Any CPU
		{EC42AF1F-5748-4CD9-9544-2874E9E9C7C5}.Debug|Any CPU.ActiveCfg = Debug|Any CPU
		{EC42AF1F-5748-4CD9-9544-2874E9E9C7C5}.Debug|Any CPU.Build.0 = Debug|Any CPU
		{EC42AF1F-5748-4CD9-9544-2874E9E9C7C5}.Release|Any CPU.ActiveCfg = Release|Any CPU
		{EC42AF1F-5748-4CD9-9544-2874E9E9C7C5}.Release|Any CPU.Build.0 = Release|Any CPU
		{DA5C04B1-E7F2-4B1B-9F9A-BD1F221FB678}.Debug|Any CPU.ActiveCfg = Debug|Any CPU
		{DA5C04B1-E7F2-4B1B-9F9A-BD1F221FB678}.Debug|Any CPU.Build.0 = Debug|Any CPU
		{DA5C04B1-E7F2-4B1B-9F9A-BD1F221FB678}.Release|Any CPU.ActiveCfg = Release|Any CPU
		{DA5C04B1-E7F2-4B1B-9F9A-BD1F221FB678}.Release|Any CPU.Build.0 = Release|Any CPU
		{DF6A569D-2EFD-4D47-9CF2-581ED21AB706}.Debug|Any CPU.ActiveCfg = Debug|Any CPU
		{DF6A569D-2EFD-4D47-9CF2-581ED21AB706}.Debug|Any CPU.Build.0 = Debug|Any CPU
		{DF6A569D-2EFD-4D47-9CF2-581ED21AB706}.Release|Any CPU.ActiveCfg = Release|Any CPU
		{DF6A569D-2EFD-4D47-9CF2-581ED21AB706}.Release|Any CPU.Build.0 = Release|Any CPU
		{6146F1CF-CF22-4FBD-BC3A-66FFF8490C9E}.Debug|Any CPU.ActiveCfg = Debug|Any CPU
		{6146F1CF-CF22-4FBD-BC3A-66FFF8490C9E}.Debug|Any CPU.Build.0 = Debug|Any CPU
		{6146F1CF-CF22-4FBD-BC3A-66FFF8490C9E}.Release|Any CPU.ActiveCfg = Release|Any CPU
		{6146F1CF-CF22-4FBD-BC3A-66FFF8490C9E}.Release|Any CPU.Build.0 = Release|Any CPU
		{A1997960-3D45-49F8-8D5D-1C02FC010172}.Debug|Any CPU.ActiveCfg = Debug|Any CPU
		{A1997960-3D45-49F8-8D5D-1C02FC010172}.Debug|Any CPU.Build.0 = Debug|Any CPU
		{A1997960-3D45-49F8-8D5D-1C02FC010172}.Release|Any CPU.ActiveCfg = Release|Any CPU
		{A1997960-3D45-49F8-8D5D-1C02FC010172}.Release|Any CPU.Build.0 = Release|Any CPU
	EndGlobalSection
	GlobalSection(SolutionProperties) = preSolution
		HideSolutionNode = FALSE
	EndGlobalSection
	GlobalSection(NestedProjects) = preSolution
		{09864AA1-0ACA-4D14-844C-19B01C02BA74} = {FB7BB082-2D97-41F6-9F39-3E73D01D363D}
		{DF6A569D-2EFD-4D47-9CF2-581ED21AB706} = {FB7BB082-2D97-41F6-9F39-3E73D01D363D}
		{6146F1CF-CF22-4FBD-BC3A-66FFF8490C9E} = {FB7BB082-2D97-41F6-9F39-3E73D01D363D}
		{A1997960-3D45-49F8-8D5D-1C02FC010172} = {FB7BB082-2D97-41F6-9F39-3E73D01D363D}
	EndGlobalSection
	GlobalSection(ExtensibilityGlobals) = postSolution
		SolutionGuid = {441C3545-E20D-4CC9-81DC-574979B14CE0}
	EndGlobalSection
EndGlobal
