
Microsoft Visual Studio Solution File, Format Version 12.00
# Visual Studio Version 17
VisualStudioVersion = 17.0.31903.59
MinimumVisualStudioVersion = 10.0.40219.1
Project("{9A19103F-16F7-4668-BE54-9A1E7A4F7556}") = "Identity", "src\Identity\Identity.csproj", "{6B21F32B-266E-4D2F-9586-641D96452C95}"
EndProject
Project("{9A19103F-16F7-4668-BE54-9A1E7A4F7556}") = "VocaBuddy.UI", "src\VocaBuddy.UI\VocaBuddy.UI.csproj", "{683538BA-F511-4230-9E54-361DADE2CF0B}"
EndProject
Project("{9A19103F-16F7-4668-BE54-9A1E7A4F7556}") = "VocaBuddy.Shared", "src\VocaBuddy.Shared\VocaBuddy.Shared.csproj", "{EE24278A-2021-448C-8F0D-897316FCDA42}"
EndProject
Project("{9A19103F-16F7-4668-BE54-9A1E7A4F7556}") = "VocaBuddy.Api", "src\VocaBuddy.BE\VocaBuddy.Api\VocaBuddy.Api.csproj", "{53BAE713-9E68-472F-ABB7-3F822D4A8AF1}"
EndProject
Project("{9A19103F-16F7-4668-BE54-9A1E7A4F7556}") = "VocaBuddy.Application", "src\VocaBuddy.BE\VocaBuddy.Application\VocaBuddy.Application.csproj", "{41BC1EF3-B931-4705-89D0-E63380EFC53F}"
EndProject
Project("{9A19103F-16F7-4668-BE54-9A1E7A4F7556}") = "VocaBuddy.Domain", "src\VocaBuddy.BE\VocaBuddy.Domain\VocaBuddy.Domain.csproj", "{EC42AF1F-5748-4CD9-9544-2874E9E9C7C5}"
EndProject
Project("{9A19103F-16F7-4668-BE54-9A1E7A4F7556}") = "VocaBuddy.Infrastructure", "src\VocaBuddy.BE\VocaBuddy.Infrastructure\VocaBuddy.Infrastructure.csproj", "{DA5C04B1-E7F2-4B1B-9F9A-BD1F221FB678}"
EndProject
Project("{2150E333-8FDC-42A3-9474-1A3956D46DE8}") = "VocaBuddy.BE", "VocaBuddy.BE", "{0E589D92-6AB5-41D0-8275-FEC59BB765D7}"
EndProject
Project("{2150E333-8FDC-42A3-9474-1A3956D46DE8}") = "tests", "tests", "{1E805322-489B-4A36-A819-CD6D96174BF0}"
EndProject
Project("{9A19103F-16F7-4668-BE54-9A1E7A4F7556}") = "UI.UnitTests", "tests\UI.UnitTests\UI.UnitTests.csproj", "{972E70D7-4009-4E5F-8590-8E3CE490BF26}"
EndProject
Project("{9A19103F-16F7-4668-BE54-9A1E7A4F7556}") = "Identity.UnitTests", "tests\Identity.UnitTests\Identity.UnitTests.csproj", "{41005AF9-1A8E-4D00-AF99-06E7A0DDF1E5}"
EndProject
Project("{2150E333-8FDC-42A3-9474-1A3956D46DE8}") = "src", "src", "{75FC73C3-ACD0-45CF-8943-F7B6CDADC076}"
EndProject
Project("{2150E333-8FDC-42A3-9474-1A3956D46DE8}") = "BE", "BE", "{1BCC13B4-C8E0-47EA-AEB9-CE536283EFEC}"
EndProject
Project("{9A19103F-16F7-4668-BE54-9A1E7A4F7556}") = "Api.UnitTests", "tests\BE\Api.UnitTests\Api.UnitTests.csproj", "{0C48A527-C0F1-4BE6-B96B-A8FD855020DE}"
EndProject
Project("{9A19103F-16F7-4668-BE54-9A1E7A4F7556}") = "Api.IntegrationTests", "tests\BE\Api.IntegrationTests\Api.IntegrationTests.csproj", "{39E4CC1A-89A8-41F0-B9AF-CBF5DD248A72}"
EndProject
Global
	GlobalSection(SolutionConfigurationPlatforms) = preSolution
		Debug|Any CPU = Debug|Any CPU
		Release|Any CPU = Release|Any CPU
	EndGlobalSection
	GlobalSection(ProjectConfigurationPlatforms) = postSolution
		{6B21F32B-266E-4D2F-9586-641D96452C95}.Debug|Any CPU.ActiveCfg = Debug|Any CPU
		{6B21F32B-266E-4D2F-9586-641D96452C95}.Debug|Any CPU.Build.0 = Debug|Any CPU
		{6B21F32B-266E-4D2F-9586-641D96452C95}.Release|Any CPU.ActiveCfg = Release|Any CPU
		{6B21F32B-266E-4D2F-9586-641D96452C95}.Release|Any CPU.Build.0 = Release|Any CPU
		{683538BA-F511-4230-9E54-361DADE2CF0B}.Debug|Any CPU.ActiveCfg = Debug|Any CPU
		{683538BA-F511-4230-9E54-361DADE2CF0B}.Debug|Any CPU.Build.0 = Debug|Any CPU
		{683538BA-F511-4230-9E54-361DADE2CF0B}.Release|Any CPU.ActiveCfg = Release|Any CPU
		{683538BA-F511-4230-9E54-361DADE2CF0B}.Release|Any CPU.Build.0 = Release|Any CPU
		{EE24278A-2021-448C-8F0D-897316FCDA42}.Debug|Any CPU.ActiveCfg = Debug|Any CPU
		{EE24278A-2021-448C-8F0D-897316FCDA42}.Debug|Any CPU.Build.0 = Debug|Any CPU
		{EE24278A-2021-448C-8F0D-897316FCDA42}.Release|Any CPU.ActiveCfg = Release|Any CPU
		{EE24278A-2021-448C-8F0D-897316FCDA42}.Release|Any CPU.Build.0 = Release|Any CPU
		{53BAE713-9E68-472F-ABB7-3F822D4A8AF1}.Debug|Any CPU.ActiveCfg = Debug|Any CPU
		{53BAE713-9E68-472F-ABB7-3F822D4A8AF1}.Debug|Any CPU.Build.0 = Debug|Any CPU
		{53BAE713-9E68-472F-ABB7-3F822D4A8AF1}.Release|Any CPU.ActiveCfg = Release|Any CPU
		{53BAE713-9E68-472F-ABB7-3F822D4A8AF1}.Release|Any CPU.Build.0 = Release|Any CPU
		{41BC1EF3-B931-4705-89D0-E63380EFC53F}.Debug|Any CPU.ActiveCfg = Debug|Any CPU
		{41BC1EF3-B931-4705-89D0-E63380EFC53F}.Debug|Any CPU.Build.0 = Debug|Any CPU
		{41BC1EF3-B931-4705-89D0-E63380EFC53F}.Release|Any CPU.ActiveCfg = Release|Any CPU
		{41BC1EF3-B931-4705-89D0-E63380EFC53F}.Release|Any CPU.Build.0 = Release|Any CPU
		{EC42AF1F-5748-4CD9-9544-2874E9E9C7C5}.Debug|Any CPU.ActiveCfg = Debug|Any CPU
		{EC42AF1F-5748-4CD9-9544-2874E9E9C7C5}.Debug|Any CPU.Build.0 = Debug|Any CPU
		{EC42AF1F-5748-4CD9-9544-2874E9E9C7C5}.Release|Any CPU.ActiveCfg = Release|Any CPU
		{EC42AF1F-5748-4CD9-9544-2874E9E9C7C5}.Release|Any CPU.Build.0 = Release|Any CPU
		{DA5C04B1-E7F2-4B1B-9F9A-BD1F221FB678}.Debug|Any CPU.ActiveCfg = Debug|Any CPU
		{DA5C04B1-E7F2-4B1B-9F9A-BD1F221FB678}.Debug|Any CPU.Build.0 = Debug|Any CPU
		{DA5C04B1-E7F2-4B1B-9F9A-BD1F221FB678}.Release|Any CPU.ActiveCfg = Release|Any CPU
		{DA5C04B1-E7F2-4B1B-9F9A-BD1F221FB678}.Release|Any CPU.Build.0 = Release|Any CPU
		{972E70D7-4009-4E5F-8590-8E3CE490BF26}.Debug|Any CPU.ActiveCfg = Debug|Any CPU
		{972E70D7-4009-4E5F-8590-8E3CE490BF26}.Debug|Any CPU.Build.0 = Debug|Any CPU
		{972E70D7-4009-4E5F-8590-8E3CE490BF26}.Release|Any CPU.ActiveCfg = Release|Any CPU
		{972E70D7-4009-4E5F-8590-8E3CE490BF26}.Release|Any CPU.Build.0 = Release|Any CPU
		{41005AF9-1A8E-4D00-AF99-06E7A0DDF1E5}.Debug|Any CPU.ActiveCfg = Debug|Any CPU
		{41005AF9-1A8E-4D00-AF99-06E7A0DDF1E5}.Debug|Any CPU.Build.0 = Debug|Any CPU
		{41005AF9-1A8E-4D00-AF99-06E7A0DDF1E5}.Release|Any CPU.ActiveCfg = Release|Any CPU
		{41005AF9-1A8E-4D00-AF99-06E7A0DDF1E5}.Release|Any CPU.Build.0 = Release|Any CPU
		{0C48A527-C0F1-4BE6-B96B-A8FD855020DE}.Debug|Any CPU.ActiveCfg = Debug|Any CPU
		{0C48A527-C0F1-4BE6-B96B-A8FD855020DE}.Debug|Any CPU.Build.0 = Debug|Any CPU
		{0C48A527-C0F1-4BE6-B96B-A8FD855020DE}.Release|Any CPU.ActiveCfg = Release|Any CPU
		{0C48A527-C0F1-4BE6-B96B-A8FD855020DE}.Release|Any CPU.Build.0 = Release|Any CPU
		{39E4CC1A-89A8-41F0-B9AF-CBF5DD248A72}.Debug|Any CPU.ActiveCfg = Debug|Any CPU
		{39E4CC1A-89A8-41F0-B9AF-CBF5DD248A72}.Debug|Any CPU.Build.0 = Debug|Any CPU
		{39E4CC1A-89A8-41F0-B9AF-CBF5DD248A72}.Release|Any CPU.ActiveCfg = Release|Any CPU
		{39E4CC1A-89A8-41F0-B9AF-CBF5DD248A72}.Release|Any CPU.Build.0 = Release|Any CPU
	EndGlobalSection
	GlobalSection(SolutionProperties) = preSolution
		HideSolutionNode = FALSE
	EndGlobalSection
	GlobalSection(NestedProjects) = preSolution
		{53BAE713-9E68-472F-ABB7-3F822D4A8AF1} = {0E589D92-6AB5-41D0-8275-FEC59BB765D7}
		{41BC1EF3-B931-4705-89D0-E63380EFC53F} = {0E589D92-6AB5-41D0-8275-FEC59BB765D7}
		{EC42AF1F-5748-4CD9-9544-2874E9E9C7C5} = {0E589D92-6AB5-41D0-8275-FEC59BB765D7}
		{DA5C04B1-E7F2-4B1B-9F9A-BD1F221FB678} = {0E589D92-6AB5-41D0-8275-FEC59BB765D7}
		{972E70D7-4009-4E5F-8590-8E3CE490BF26} = {1E805322-489B-4A36-A819-CD6D96174BF0}
		{41005AF9-1A8E-4D00-AF99-06E7A0DDF1E5} = {1E805322-489B-4A36-A819-CD6D96174BF0}
		{0E589D92-6AB5-41D0-8275-FEC59BB765D7} = {75FC73C3-ACD0-45CF-8943-F7B6CDADC076}
		{6B21F32B-266E-4D2F-9586-641D96452C95} = {75FC73C3-ACD0-45CF-8943-F7B6CDADC076}
		{EE24278A-2021-448C-8F0D-897316FCDA42} = {75FC73C3-ACD0-45CF-8943-F7B6CDADC076}
		{683538BA-F511-4230-9E54-361DADE2CF0B} = {75FC73C3-ACD0-45CF-8943-F7B6CDADC076}
		{1BCC13B4-C8E0-47EA-AEB9-CE536283EFEC} = {1E805322-489B-4A36-A819-CD6D96174BF0}
		{0C48A527-C0F1-4BE6-B96B-A8FD855020DE} = {1BCC13B4-C8E0-47EA-AEB9-CE536283EFEC}
		{39E4CC1A-89A8-41F0-B9AF-CBF5DD248A72} = {1BCC13B4-C8E0-47EA-AEB9-CE536283EFEC}
	EndGlobalSection
	GlobalSection(ExtensibilityGlobals) = postSolution
		SolutionGuid = {441C3545-E20D-4CC9-81DC-574979B14CE0}
	EndGlobalSection
EndGlobal
